
Microsoft Visual Studio Solution File, Format Version 12.00
# Visual Studio Version 17
VisualStudioVersion = 17.14.36518.9
MinimumVisualStudioVersion = 10.0.40219.1
Project("{FAE04EC0-301F-11D3-BF4B-00C04F79EFBC}") = "RoutingService", "RoutingService\RoutingService.csproj", "{14FBC98A-26B7-4473-9397-ED09064A9F33}"
	ProjectSection(ProjectDependencies) = postProject
		{5982B82E-0ABB-42BF-BEAE-3FF0B8F8D3DF} = {5982B82E-0ABB-42BF-BEAE-3FF0B8F8D3DF}
	EndProjectSection
EndProject
Project("{FAE04EC0-301F-11D3-BF4B-00C04F79EFBC}") = "ProxyCache", "ProxyCache\ProxyCache.csproj", "{5982B82E-0ABB-42BF-BEAE-3FF0B8F8D3DF}"
EndProject
Project("{2150E333-8FDC-42A3-9474-1A3956D46DE8}") = "Frontend", "Frontend", "{02EA681E-C7D8-13C7-8484-4AC65E1B71E8}"
	ProjectSection(SolutionItems) = preProject
		api.js = api.js
		app.js = app.js
		index.html = index.html
		map.js = map.js
		style.css = style.css
	EndProjectSection
EndProject
Global
	GlobalSection(SolutionConfigurationPlatforms) = preSolution
		Debug|Any CPU = Debug|Any CPU
		Release|Any CPU = Release|Any CPU
	EndGlobalSection
	GlobalSection(ProjectConfigurationPlatforms) = postSolution
		{14FBC98A-26B7-4473-9397-ED09064A9F33}.Debug|Any CPU.ActiveCfg = Debug|Any CPU
		{14FBC98A-26B7-4473-9397-ED09064A9F33}.Debug|Any CPU.Build.0 = Debug|Any CPU
		{14FBC98A-26B7-4473-9397-ED09064A9F33}.Release|Any CPU.ActiveCfg = Release|Any CPU
		{14FBC98A-26B7-4473-9397-ED09064A9F33}.Release|Any CPU.Build.0 = Release|Any CPU
		{5982B82E-0ABB-42BF-BEAE-3FF0B8F8D3DF}.Debug|Any CPU.ActiveCfg = Debug|Any CPU
		{5982B82E-0ABB-42BF-BEAE-3FF0B8F8D3DF}.Debug|Any CPU.Build.0 = Debug|Any CPU
		{5982B82E-0ABB-42BF-BEAE-3FF0B8F8D3DF}.Release|Any CPU.ActiveCfg = Release|Any CPU
		{5982B82E-0ABB-42BF-BEAE-3FF0B8F8D3DF}.Release|Any CPU.Build.0 = Release|Any CPU
	EndGlobalSection
	GlobalSection(SolutionProperties) = preSolution
		HideSolutionNode = FALSE
	EndGlobalSection
	GlobalSection(ExtensibilityGlobals) = postSolution
		SolutionGuid = {5E3C93CF-C5EF-47BC-9A5A-A1AA6C089411}
	EndGlobalSection
EndGlobal
